
Microsoft Visual Studio Solution File, Format Version 12.00
# Visual Studio Version 17
VisualStudioVersion = 17.10.35013.160
MinimumVisualStudioVersion = 10.0.40219.1
Project("{FAE04EC0-301F-11D3-BF4B-00C04F79EFBC}") = "MilkyProject.WebApi", "ApiMilkyProject\MilkyProject.WebApi.csproj", "{99228F60-71CE-435F-B977-189F93F50BD0}"
EndProject
Project("{FAE04EC0-301F-11D3-BF4B-00C04F79EFBC}") = "MilkyProject.EntityLayer", "MilkyProject.EntityLayer\MilkyProject.EntityLayer.csproj", "{D3584834-553B-42FA-B05E-0EA9A665E0B2}"
EndProject
Project("{FAE04EC0-301F-11D3-BF4B-00C04F79EFBC}") = "MilkyProject.DataAccessLayer", "MilkyProject.DataAccessLayer\MilkyProject.DataAccessLayer.csproj", "{C9A63F27-5651-428A-94BA-1274BC23C71B}"
EndProject
Project("{FAE04EC0-301F-11D3-BF4B-00C04F79EFBC}") = "MilkyProject.BusinessLayer", "MilkyProject.BusinessLayer\MilkyProject.BusinessLayer.csproj", "{3933B11B-5778-45DD-8B36-8F40A6FC1D61}"
EndProject
Project("{FAE04EC0-301F-11D3-BF4B-00C04F79EFBC}") = "MilkyProject.WebUI", "MilkyProject.WebUI\MilkyProject.WebUI.csproj", "{093B9003-7167-428A-81DB-408ED0D0A330}"
EndProject
Global
	GlobalSection(SolutionConfigurationPlatforms) = preSolution
		Debug|Any CPU = Debug|Any CPU
		Release|Any CPU = Release|Any CPU
	EndGlobalSection
	GlobalSection(ProjectConfigurationPlatforms) = postSolution
		{99228F60-71CE-435F-B977-189F93F50BD0}.Debug|Any CPU.ActiveCfg = Debug|Any CPU
		{99228F60-71CE-435F-B977-189F93F50BD0}.Debug|Any CPU.Build.0 = Debug|Any CPU
		{99228F60-71CE-435F-B977-189F93F50BD0}.Release|Any CPU.ActiveCfg = Release|Any CPU
		{99228F60-71CE-435F-B977-189F93F50BD0}.Release|Any CPU.Build.0 = Release|Any CPU
		{D3584834-553B-42FA-B05E-0EA9A665E0B2}.Debug|Any CPU.ActiveCfg = Debug|Any CPU
		{D3584834-553B-42FA-B05E-0EA9A665E0B2}.Debug|Any CPU.Build.0 = Debug|Any CPU
		{D3584834-553B-42FA-B05E-0EA9A665E0B2}.Release|Any CPU.ActiveCfg = Release|Any CPU
		{D3584834-553B-42FA-B05E-0EA9A665E0B2}.Release|Any CPU.Build.0 = Release|Any CPU
		{C9A63F27-5651-428A-94BA-1274BC23C71B}.Debug|Any CPU.ActiveCfg = Debug|Any CPU
		{C9A63F27-5651-428A-94BA-1274BC23C71B}.Debug|Any CPU.Build.0 = Debug|Any CPU
		{C9A63F27-5651-428A-94BA-1274BC23C71B}.Release|Any CPU.ActiveCfg = Release|Any CPU
		{C9A63F27-5651-428A-94BA-1274BC23C71B}.Release|Any CPU.Build.0 = Release|Any CPU
		{3933B11B-5778-45DD-8B36-8F40A6FC1D61}.Debug|Any CPU.ActiveCfg = Debug|Any CPU
		{3933B11B-5778-45DD-8B36-8F40A6FC1D61}.Debug|Any CPU.Build.0 = Debug|Any CPU
		{3933B11B-5778-45DD-8B36-8F40A6FC1D61}.Release|Any CPU.ActiveCfg = Release|Any CPU
		{3933B11B-5778-45DD-8B36-8F40A6FC1D61}.Release|Any CPU.Build.0 = Release|Any CPU
		{093B9003-7167-428A-81DB-408ED0D0A330}.Debug|Any CPU.ActiveCfg = Debug|Any CPU
		{093B9003-7167-428A-81DB-408ED0D0A330}.Debug|Any CPU.Build.0 = Debug|Any CPU
		{093B9003-7167-428A-81DB-408ED0D0A330}.Release|Any CPU.ActiveCfg = Release|Any CPU
		{093B9003-7167-428A-81DB-408ED0D0A330}.Release|Any CPU.Build.0 = Release|Any CPU
	EndGlobalSection
	GlobalSection(SolutionProperties) = preSolution
		HideSolutionNode = FALSE
	EndGlobalSection
	GlobalSection(ExtensibilityGlobals) = postSolution
		SolutionGuid = {23D78D22-EAD5-40CE-8A51-F8C8DF675C73}
	EndGlobalSection
EndGlobal
